# @generated by Move, please check-in and do not edit manually.

[move]
version = 3
manifest_digest = "25E6D6D8FA483D03E5CB9D211A044EE37270F403E281F35F5FC0D212455662E4"
deps_digest = "F8BBB0CCB2491CA29A3DF03D6F92277A4F3574266507ACD77214D37ECA3F3082"
dependencies = [
  { id = "Sui", name = "Sui" },
]

[[move.package]]
id = "MoveStdlib"
source = { git = "https://github.com/MystenLabs/sui.git", rev = "framework/mainnet", subdir = "crates/sui-framework/packages/move-stdlib" }

[[move.package]]
id = "Sui"
source = { git = "https://github.com/MystenLabs/sui.git", rev = "framework/mainnet", subdir = "crates/sui-framework/packages/sui-framework" }

dependencies = [
  { id = "MoveStdlib", name = "MoveStdlib" },
]

[move.toolchain-version]
compiler-version = "1.57.3"
edition = "2024.beta"
flavor = "sui"

[env]

[env.testnet]
chain-id = "4c78adac"
original-published-id = "0x95e43165b7c9dbf792871504c48345a9b0b14435adfcea1165561bec35467a14"
latest-published-id = "0x95e43165b7c9dbf792871504c48345a9b0b14435adfcea1165561bec35467a14"
published-version = "1"
